
Microsoft Visual Studio Solution File, Format Version 12.00
# Visual Studio Version 16
VisualStudioVersion = 16.0.30114.105
MinimumVisualStudioVersion = 10.0.40219.1
Project("{2150E333-8FDC-42A3-9474-1A3956D46DE8}") = "src", "src", "{2B437DE5-C9C5-4B51-B48F-536748ACF4CD}"
EndProject
Project("{FAE04EC0-301F-11D3-BF4B-00C04F79EFBC}") = "ChallengeApp", "src\ChallengeApp\ChallengeApp.csproj", "{3579E5A4-7FE1-48A9-BBC4-759C5C3B8634}"
EndProject
Project("{2150E333-8FDC-42A3-9474-1A3956D46DE8}") = "test", "test", "{896E5740-1CE3-4453-B7C7-DE3B5297EC22}"
EndProject
Project("{FAE04EC0-301F-11D3-BF4B-00C04F79EFBC}") = "Challenge.Tests", "test\Challenge.Tests\Challenge.Tests.csproj", "{A6D4F9C3-663B-4EEC-9B59-400017446472}"
EndProject
Global
	GlobalSection(SolutionConfigurationPlatforms) = preSolution
		Debug|Any CPU = Debug|Any CPU
		Debug|x64 = Debug|x64
		Debug|x86 = Debug|x86
		Release|Any CPU = Release|Any CPU
		Release|x64 = Release|x64
		Release|x86 = Release|x86
	EndGlobalSection
	GlobalSection(SolutionProperties) = preSolution
		HideSolutionNode = FALSE
	EndGlobalSection
	GlobalSection(ProjectConfigurationPlatforms) = postSolution
		{3579E5A4-7FE1-48A9-BBC4-759C5C3B8634}.Debug|Any CPU.ActiveCfg = Debug|Any CPU
		{3579E5A4-7FE1-48A9-BBC4-759C5C3B8634}.Debug|Any CPU.Build.0 = Debug|Any CPU
		{3579E5A4-7FE1-48A9-BBC4-759C5C3B8634}.Debug|x64.ActiveCfg = Debug|Any CPU
		{3579E5A4-7FE1-48A9-BBC4-759C5C3B8634}.Debug|x64.Build.0 = Debug|Any CPU
		{3579E5A4-7FE1-48A9-BBC4-759C5C3B8634}.Debug|x86.ActiveCfg = Debug|Any CPU
		{3579E5A4-7FE1-48A9-BBC4-759C5C3B8634}.Debug|x86.Build.0 = Debug|Any CPU
		{3579E5A4-7FE1-48A9-BBC4-759C5C3B8634}.Release|Any CPU.ActiveCfg = Release|Any CPU
		{3579E5A4-7FE1-48A9-BBC4-759C5C3B8634}.Release|Any CPU.Build.0 = Release|Any CPU
		{3579E5A4-7FE1-48A9-BBC4-759C5C3B8634}.Release|x64.ActiveCfg = Release|Any CPU
		{3579E5A4-7FE1-48A9-BBC4-759C5C3B8634}.Release|x64.Build.0 = Release|Any CPU
		{3579E5A4-7FE1-48A9-BBC4-759C5C3B8634}.Release|x86.ActiveCfg = Release|Any CPU
		{3579E5A4-7FE1-48A9-BBC4-759C5C3B8634}.Release|x86.Build.0 = Release|Any CPU
		{A6D4F9C3-663B-4EEC-9B59-400017446472}.Debug|Any CPU.ActiveCfg = Debug|Any CPU
		{A6D4F9C3-663B-4EEC-9B59-400017446472}.Debug|Any CPU.Build.0 = Debug|Any CPU
		{A6D4F9C3-663B-4EEC-9B59-400017446472}.Debug|x64.ActiveCfg = Debug|Any CPU
		{A6D4F9C3-663B-4EEC-9B59-400017446472}.Debug|x64.Build.0 = Debug|Any CPU
		{A6D4F9C3-663B-4EEC-9B59-400017446472}.Debug|x86.ActiveCfg = Debug|Any CPU
		{A6D4F9C3-663B-4EEC-9B59-400017446472}.Debug|x86.Build.0 = Debug|Any CPU
		{A6D4F9C3-663B-4EEC-9B59-400017446472}.Release|Any CPU.ActiveCfg = Release|Any CPU
		{A6D4F9C3-663B-4EEC-9B59-400017446472}.Release|Any CPU.Build.0 = Release|Any CPU
		{A6D4F9C3-663B-4EEC-9B59-400017446472}.Release|x64.ActiveCfg = Release|Any CPU
		{A6D4F9C3-663B-4EEC-9B59-400017446472}.Release|x64.Build.0 = Release|Any CPU
		{A6D4F9C3-663B-4EEC-9B59-400017446472}.Release|x86.ActiveCfg = Release|Any CPU
		{A6D4F9C3-663B-4EEC-9B59-400017446472}.Release|x86.Build.0 = Release|Any CPU
	EndGlobalSection
	GlobalSection(NestedProjects) = preSolution
		{3579E5A4-7FE1-48A9-BBC4-759C5C3B8634} = {2B437DE5-C9C5-4B51-B48F-536748ACF4CD}
		{A6D4F9C3-663B-4EEC-9B59-400017446472} = {896E5740-1CE3-4453-B7C7-DE3B5297EC22}
	EndGlobalSection
EndGlobal
